
Microsoft Visual Studio Solution File, Format Version 12.00
# Visual Studio Version 17
VisualStudioVersion = 17.2.32526.322
MinimumVisualStudioVersion = 10.0.40219.1
Project("{9A19103F-16F7-4668-BE54-9A1E7A4F7556}") = "CarConsoleApp", "CarConsoleApp\CarConsoleApp.csproj", "{0DFE1E20-E2E8-4E37-9BC6-6B5D856C8A41}"
EndProject
Project("{9A19103F-16F7-4668-BE54-9A1E7A4F7556}") = "CarLib", "CarLib\CarLib.csproj", "{521598F7-3CAE-40AC-B440-62A1F05383D0}"
EndProject
Project("{9A19103F-16F7-4668-BE54-9A1E7A4F7556}") = "CarTestProject", "CarTestProject\CarTestProject.csproj", "{86FA310C-CF50-429F-9D92-E4E6EFC68561}"
EndProject
Project("{2150E333-8FDC-42A3-9474-1A3956D46DE8}") = "Solution Items", "Solution Items", "{D73EE2CD-86BC-4EA1-AFBD-300117D33DC2}"
	ProjectSection(SolutionItems) = preProject
		.editorconfig = .editorconfig
	EndProjectSection
EndProject
Global
	GlobalSection(SolutionConfigurationPlatforms) = preSolution
		Debug|Any CPU = Debug|Any CPU
		Release|Any CPU = Release|Any CPU
	EndGlobalSection
	GlobalSection(ProjectConfigurationPlatforms) = postSolution
		{0DFE1E20-E2E8-4E37-9BC6-6B5D856C8A41}.Debug|Any CPU.ActiveCfg = Debug|Any CPU
		{0DFE1E20-E2E8-4E37-9BC6-6B5D856C8A41}.Debug|Any CPU.Build.0 = Debug|Any CPU
		{0DFE1E20-E2E8-4E37-9BC6-6B5D856C8A41}.Release|Any CPU.ActiveCfg = Release|Any CPU
		{0DFE1E20-E2E8-4E37-9BC6-6B5D856C8A41}.Release|Any CPU.Build.0 = Release|Any CPU
		{521598F7-3CAE-40AC-B440-62A1F05383D0}.Debug|Any CPU.ActiveCfg = Debug|Any CPU
		{521598F7-3CAE-40AC-B440-62A1F05383D0}.Debug|Any CPU.Build.0 = Debug|Any CPU
		{521598F7-3CAE-40AC-B440-62A1F05383D0}.Release|Any CPU.ActiveCfg = Release|Any CPU
		{521598F7-3CAE-40AC-B440-62A1F05383D0}.Release|Any CPU.Build.0 = Release|Any CPU
		{86FA310C-CF50-429F-9D92-E4E6EFC68561}.Debug|Any CPU.ActiveCfg = Debug|Any CPU
		{86FA310C-CF50-429F-9D92-E4E6EFC68561}.Debug|Any CPU.Build.0 = Debug|Any CPU
		{86FA310C-CF50-429F-9D92-E4E6EFC68561}.Release|Any CPU.ActiveCfg = Release|Any CPU
		{86FA310C-CF50-429F-9D92-E4E6EFC68561}.Release|Any CPU.Build.0 = Release|Any CPU
	EndGlobalSection
	GlobalSection(SolutionProperties) = preSolution
		HideSolutionNode = FALSE
	EndGlobalSection
	GlobalSection(ExtensibilityGlobals) = postSolution
		SolutionGuid = {786062CA-8C29-4A49-81C0-CBEA6A97CD1D}
	EndGlobalSection
EndGlobal
